
Microsoft Visual Studio Solution File, Format Version 12.00
# Visual Studio 15
VisualStudioVersion = 15.0.27428.2005
MinimumVisualStudioVersion = 10.0.40219.1
Project("{FAE04EC0-301F-11D3-BF4B-00C04F79EFBC}") = "EasyEraser", "EasyEraser\EasyEraser.csproj", "{43D0CD27-DC1D-4A2A-A1A5-3923C5AB960B}"
EndProject
Global
	GlobalSection(SolutionConfigurationPlatforms) = preSolution
		Debug|Any CPU = Debug|Any CPU
		Release|Any CPU = Release|Any CPU
	EndGlobalSection
	GlobalSection(ProjectConfigurationPlatforms) = postSolution
		{43D0CD27-DC1D-4A2A-A1A5-3923C5AB960B}.Debug|Any CPU.ActiveCfg = Debug|Any CPU
		{43D0CD27-DC1D-4A2A-A1A5-3923C5AB960B}.Debug|Any CPU.Build.0 = Debug|Any CPU
		{43D0CD27-DC1D-4A2A-A1A5-3923C5AB960B}.Release|Any CPU.ActiveCfg = Release|Any CPU
		{43D0CD27-DC1D-4A2A-A1A5-3923C5AB960B}.Release|Any CPU.Build.0 = Release|Any CPU
	EndGlobalSection
	GlobalSection(SolutionProperties) = preSolution
		HideSolutionNode = FALSE
	EndGlobalSection
	GlobalSection(ExtensibilityGlobals) = postSolution
		SolutionGuid = {FC61C01D-4738-415D-8F29-7606013AE698}
	EndGlobalSection
EndGlobal
